// !$*UTF8*$!
{
	archiveVersion = 1;
	classes = {
	};
	objectVersion = 48;
	objects = {

/* Begin PBXBuildFile section */
		964B52BA1EEA24F9004281FC /* PhotoDetailsViewController.swift in Sources */ = {isa = PBXBuildFile; fileRef = 964B52B91EEA24F9004281FC /* PhotoDetailsViewController.swift */; };
		9695E4631EEB3D24007EA998 /* Resnet50.mlmodel in Sources */ = {isa = PBXBuildFile; fileRef = 9695E4621EEB3D24007EA998 /* Resnet50.mlmodel */; };
		96C2BB641EE874A100FC56C1 /* AppDelegate.swift in Sources */ = {isa = PBXBuildFile; fileRef = 96C2BB631EE874A100FC56C1 /* AppDelegate.swift */; };
		96C2BB661EE874A100FC56C1 /* PhotoListViewController.swift in Sources */ = {isa = PBXBuildFile; fileRef = 96C2BB651EE874A100FC56C1 /* PhotoListViewController.swift */; };
		96C2BB691EE874A100FC56C1 /* Main.storyboard in Resources */ = {isa = PBXBuildFile; fileRef = 96C2BB671EE874A100FC56C1 /* Main.storyboard */; };
		96C2BB6B1EE874A100FC56C1 /* Assets.xcassets in Resources */ = {isa = PBXBuildFile; fileRef = 96C2BB6A1EE874A100FC56C1 /* Assets.xcassets */; };
		96C2BB6E1EE874A100FC56C1 /* LaunchScreen.storyboard in Resources */ = {isa = PBXBuildFile; fileRef = 96C2BB6C1EE874A100FC56C1 /* LaunchScreen.storyboard */; };
/* End PBXBuildFile section */

/* Begin PBXFileReference section */
		964B52B91EEA24F9004281FC /* PhotoDetailsViewController.swift */ = {isa = PBXFileReference; lastKnownFileType = sourcecode.swift; path = PhotoDetailsViewController.swift; sourceTree = "<group>"; };
		9695E4621EEB3D24007EA998 /* Resnet50.mlmodel */ = {isa = PBXFileReference; lastKnownFileType = file.mlmodel; name = Resnet50.mlmodel; path = ../../../Downloads/Resnet50.mlmodel; sourceTree = "<group>"; };
		96C2BB601EE874A100FC56C1 /* PhotoOrganizer.app */ = {isa = PBXFileReference; explicitFileType = wrapper.application; includeInIndex = 0; path = PhotoOrganizer.app; sourceTree = BUILT_PRODUCTS_DIR; };
		96C2BB631EE874A100FC56C1 /* AppDelegate.swift */ = {isa = PBXFileReference; lastKnownFileType = sourcecode.swift; path = AppDelegate.swift; sourceTree = "<group>"; };
		96C2BB651EE874A100FC56C1 /* PhotoListViewController.swift */ = {isa = PBXFileReference; lastKnownFileType = sourcecode.swift; path = PhotoListViewController.swift; sourceTree = "<group>"; };
		96C2BB681EE874A100FC56C1 /* Base */ = {isa = PBXFileReference; lastKnownFileType = file.storyboard; name = Base; path = Base.lproj/Main.storyboard; sourceTree = "<group>"; };
		96C2BB6A1EE874A100FC56C1 /* Assets.xcassets */ = {isa = PBXFileReference; lastKnownFileType = folder.assetcatalog; path = Assets.xcassets; sourceTree = "<group>"; };
		96C2BB6D1EE874A100FC56C1 /* Base */ = {isa = PBXFileReference; lastKnownFileType = file.storyboard; name = Base; path = Base.lproj/LaunchScreen.storyboard; sourceTree = "<group>"; };
		96C2BB6F1EE874A100FC56C1 /* Info.plist */ = {isa = PBXFileReference; lastKnownFileType = text.plist.xml; path = Info.plist; sourceTree = "<group>"; };
/* End PBXFileReference section */

/* Begin PBXFrameworksBuildPhase section */
		96C2BB5D1EE874A100FC56C1 /* Frameworks */ = {
			isa = PBXFrameworksBuildPhase;
			buildActionMask = 2147483647;
			files = (
			);
			runOnlyForDeploymentPostprocessing = 0;
		};
/* End PBXFrameworksBuildPhase section */

/* Begin PBXGroup section */
		9695E4611EEB3A51007EA998 /* ViewControllers */ = {
			isa = PBXGroup;
			children = (
				964B52B91EEA24F9004281FC /* PhotoDetailsViewController.swift */,
				96C2BB651EE874A100FC56C1 /* PhotoListViewController.swift */,
			);
			path = ViewControllers;
			sourceTree = "<group>";
		};
		96C2BB571EE874A100FC56C1 = {
			isa = PBXGroup;
			children = (
				96C2BB621EE874A100FC56C1 /* PhotoOrganizer */,
				96C2BB611EE874A100FC56C1 /* Products */,
			);
			sourceTree = "<group>";
		};
		96C2BB611EE874A100FC56C1 /* Products */ = {
			isa = PBXGroup;
			children = (
				96C2BB601EE874A100FC56C1 /* PhotoOrganizer.app */,
			);
			name = Products;
			sourceTree = "<group>";
		};
		96C2BB621EE874A100FC56C1 /* PhotoOrganizer */ = {
			isa = PBXGroup;
			children = (
				9695E4621EEB3D24007EA998 /* Resnet50.mlmodel */,
				96C2BB631EE874A100FC56C1 /* AppDelegate.swift */,
				9695E4611EEB3A51007EA998 /* ViewControllers */,
				96C2BB671EE874A100FC56C1 /* Main.storyboard */,
				96C2BB6A1EE874A100FC56C1 /* Assets.xcassets */,
				96C2BB6C1EE874A100FC56C1 /* LaunchScreen.storyboard */,
				96C2BB6F1EE874A100FC56C1 /* Info.plist */,
			);
			path = PhotoOrganizer;
			sourceTree = "<group>";
		};
/* End PBXGroup section */

/* Begin PBXNativeTarget section */
		96C2BB5F1EE874A100FC56C1 /* PhotoOrganizer */ = {
			isa = PBXNativeTarget;
			buildConfigurationList = 96C2BB721EE874A100FC56C1 /* Build configuration list for PBXNativeTarget "PhotoOrganizer" */;
			buildPhases = (
				96C2BB5C1EE874A100FC56C1 /* Sources */,
				96C2BB5D1EE874A100FC56C1 /* Frameworks */,
				96C2BB5E1EE874A100FC56C1 /* Resources */,
			);
			buildRules = (
			);
			dependencies = (
			);
			name = PhotoOrganizer;
			productName = PhotoOrganizer;
			productReference = 96C2BB601EE874A100FC56C1 /* PhotoOrganizer.app */;
			productType = "com.apple.product-type.application";
		};
/* End PBXNativeTarget section */

/* Begin PBXProject section */
		96C2BB581EE874A100FC56C1 /* Project object */ = {
			isa = PBXProject;
			attributes = {
				LastSwiftUpdateCheck = 0900;
				LastUpgradeCheck = 0900;
				ORGANIZATIONNAME = "Rachel Parsons";
				TargetAttributes = {
					96C2BB5F1EE874A100FC56C1 = {
						CreatedOnToolsVersion = 9.0;
					};
				};
			};
			buildConfigurationList = 96C2BB5B1EE874A100FC56C1 /* Build configuration list for PBXProject "PhotoOrganizer" */;
			compatibilityVersion = "Xcode 8.0";
			developmentRegion = en;
			hasScannedForEncodings = 0;
			knownRegions = (
				en,
				Base,
			);
			mainGroup = 96C2BB571EE874A100FC56C1;
			productRefGroup = 96C2BB611EE874A100FC56C1 /* Products */;
			projectDirPath = "";
			projectRoot = "";
			targets = (
				96C2BB5F1EE874A100FC56C1 /* PhotoOrganizer */,
			);
		};
/* End PBXProject section */

/* Begin PBXResourcesBuildPhase section */
		96C2BB5E1EE874A100FC56C1 /* Resources */ = {
			isa = PBXResourcesBuildPhase;
			buildActionMask = 2147483647;
			files = (
				96C2BB6E1EE874A100FC56C1 /* LaunchScreen.storyboard in Resources */,
				96C2BB6B1EE874A100FC56C1 /* Assets.xcassets in Resources */,
				96C2BB691EE874A100FC56C1 /* Main.storyboard in Resources */,
			);
			runOnlyForDeploymentPostprocessing = 0;
		};
/* End PBXResourcesBuildPhase section */

/* Begin PBXSourcesBuildPhase section */
		96C2BB5C1EE874A100FC56C1 /* Sources */ = {
			isa = PBXSourcesBuildPhase;
			buildActionMask = 2147483647;
			files = (
				96C2BB661EE874A100FC56C1 /* PhotoListViewController.swift in Sources */,
				96C2BB641EE874A100FC56C1 /* AppDelegate.swift in Sources */,
				9695E4631EEB3D24007EA998 /* Resnet50.mlmodel in Sources */,
				964B52BA1EEA24F9004281FC /* PhotoDetailsViewController.swift in Sources */,
			);
			runOnlyForDeploymentPostprocessing = 0;
		};
/* End PBXSourcesBuildPhase section */

/* Begin PBXVariantGroup section */
		96C2BB671EE874A100FC56C1 /* Main.storyboard */ = {
			isa = PBXVariantGroup;
			children = (
				96C2BB681EE874A100FC56C1 /* Base */,
			);
			name = Main.storyboard;
			sourceTree = "<group>";
		};
		96C2BB6C1EE874A100FC56C1 /* LaunchScreen.storyboard */ = {
			isa = PBXVariantGroup;
			children = (
				96C2BB6D1EE874A100FC56C1 /* Base */,
			);
			name = LaunchScreen.storyboard;
			sourceTree = "<group>";
		};
/* End PBXVariantGroup section */

/* Begin XCBuildConfiguration section */
		96C2BB701EE874A100FC56C1 /* Debug */ = {
			isa = XCBuildConfiguration;
			buildSettings = {
				ALWAYS_SEARCH_USER_PATHS = NO;
				CLANG_ANALYZER_NONNULL = YES;
				CLANG_ANALYZER_NUMBER_OBJECT_CONVERSION = YES_AGGRESSIVE;
				CLANG_CXX_LANGUAGE_STANDARD = "gnu++14";
				CLANG_CXX_LIBRARY = "libc++";
				CLANG_ENABLE_MODULES = YES;
				CLANG_ENABLE_OBJC_ARC = YES;
				CLANG_WARN_BLOCK_CAPTURE_AUTORELEASING = YES;
				CLANG_WARN_BOOL_CONVERSION = YES;
				CLANG_WARN_COMMA = YES;
				CLANG_WARN_CONSTANT_CONVERSION = YES;
				CLANG_WARN_DIRECT_OBJC_ISA_USAGE = YES_ERROR;
				CLANG_WARN_DOCUMENTATION_COMMENTS = YES;
				CLANG_WARN_EMPTY_BODY = YES;
				CLANG_WARN_ENUM_CONVERSION = YES;
				CLANG_WARN_INFINITE_RECURSION = YES;
				CLANG_WARN_INT_CONVERSION = YES;
				CLANG_WARN_OBJC_ROOT_CLASS = YES_ERROR;
				CLANG_WARN_RANGE_LOOP_ANALYSIS = YES;
				CLANG_WARN_STRICT_PROTOTYPES = YES;
				CLANG_WARN_SUSPICIOUS_MOVE = YES;
				CLANG_WARN_UNGUARDED_AVAILABILITY = YES_AGGRESSIVE;
				CLANG_WARN_UNREACHABLE_CODE = YES;
				CLANG_WARN__DUPLICATE_METHOD_MATCH = YES;
				CODE_SIGN_IDENTITY = "iPhone Developer";
				COPY_PHASE_STRIP = NO;
				DEBUG_INFORMATION_FORMAT = dwarf;
				ENABLE_STRICT_OBJC_MSGSEND = YES;
				ENABLE_TESTABILITY = YES;
				GCC_C_LANGUAGE_STANDARD = gnu11;
				GCC_DYNAMIC_NO_PIC = NO;
				GCC_NO_COMMON_BLOCKS = YES;
				GCC_OPTIMIZATION_LEVEL = 0;
				GCC_PREPROCESSOR_DEFINITIONS = (
					"DEBUG=1",
					"$(inherited)",
				);
				GCC_WARN_64_TO_32_BIT_CONVERSION = YES;
				GCC_WARN_ABOUT_RETURN_TYPE = YES_ERROR;
				GCC_WARN_UNDECLARED_SELECTOR = YES;
				GCC_WARN_UNINITIALIZED_AUTOS = YES_AGGRESSIVE;
				GCC_WARN_UNUSED_FUNCTION = YES;
				GCC_WARN_UNUSED_VARIABLE = YES;
				IPHONEOS_DEPLOYMENT_TARGET = 11.0;
				MTL_ENABLE_DEBUG_INFO = YES;
				ONLY_ACTIVE_ARCH = YES;
				SDKROOT = iphoneos;
				SWIFT_ACTIVE_COMPILATION_CONDITIONS = DEBUG;
				SWIFT_OPTIMIZATION_LEVEL = "-Onone";
			};
			name = Debug;
		};
		96C2BB711EE874A100FC56C1 /* Release */ = {
			isa = XCBuildConfiguration;
			buildSettings = {
				ALWAYS_SEARCH_USER_PATHS = NO;
				CLANG_ANALYZER_NONNULL = YES;
				CLANG_ANALYZER_NUMBER_OBJECT_CONVERSION = YES_AGGRESSIVE;
				CLANG_CXX_LANGUAGE_STANDARD = "gnu++14";
				CLANG_CXX_LIBRARY = "libc++";
				CLANG_ENABLE_MODULES = YES;
				CLANG_ENABLE_OBJC_ARC = YES;
				CLANG_WARN_BLOCK_CAPTURE_AUTORELEASING = YES;
				CLANG_WARN_BOOL_CONVERSION = YES;
				CLANG_WARN_COMMA = YES;
				CLANG_WARN_CONSTANT_CONVERSION = YES;
				CLANG_WARN_DIRECT_OBJC_ISA_USAGE = YES_ERROR;
				CLANG_WARN_DOCUMENTATION_COMMENTS = YES;
				CLANG_WARN_EMPTY_BODY = YES;
				CLANG_WARN_ENUM_CONVERSION = YES;
				CLANG_WARN_INFINITE_RECURSION = YES;
				CLANG_WARN_INT_CONVERSION = YES;
				CLANG_WARN_OBJC_ROOT_CLASS = YES_ERROR;
				CLANG_WARN_RANGE_LOOP_ANALYSIS = YES;
				CLANG_WARN_STRICT_PROTOTYPES = YES;
				CLANG_WARN_SUSPICIOUS_MOVE = YES;
				CLANG_WARN_UNGUARDED_AVAILABILITY = YES_AGGRESSIVE;
				CLANG_WARN_UNREACHABLE_CODE = YES;
				CLANG_WARN__DUPLICATE_METHOD_MATCH = YES;
				CODE_SIGN_IDENTITY = "iPhone Developer";
				COPY_PHASE_STRIP = NO;
				DEBUG_INFORMATION_FORMAT = "dwarf-with-dsym";
				ENABLE_NS_ASSERTIONS = NO;
				ENABLE_STRICT_OBJC_MSGSEND = YES;
				GCC_C_LANGUAGE_STANDARD = gnu11;
				GCC_NO_COMMON_BLOCKS = YES;
				GCC_WARN_64_TO_32_BIT_CONVERSION = YES;
				GCC_WARN_ABOUT_RETURN_TYPE = YES_ERROR;
				GCC_WARN_UNDECLARED_SELECTOR = YES;
				GCC_WARN_UNINITIALIZED_AUTOS = YES_AGGRESSIVE;
				GCC_WARN_UNUSED_FUNCTION = YES;
				GCC_WARN_UNUSED_VARIABLE = YES;
				IPHONEOS_DEPLOYMENT_TARGET = 11.0;
				MTL_ENABLE_DEBUG_INFO = NO;
				SDKROOT = iphoneos;
				SWIFT_OPTIMIZATION_LEVEL = "-Owholemodule";
				VALIDATE_PRODUCT = YES;
			};
			name = Release;
		};
		96C2BB731EE874A100FC56C1 /* Debug */ = {
			isa = XCBuildConfiguration;
			buildSettings = {
				ASSETCATALOG_COMPILER_APPICON_NAME = AppIcon;
				DEVELOPMENT_TEAM = 6VY5MC5XJ8;
				INFOPLIST_FILE = PhotoOrganizer/Info.plist;
				LD_RUNPATH_SEARCH_PATHS = "$(inherited) @executable_path/Frameworks";
				PRODUCT_BUNDLE_IDENTIFIER = com.prandom.PhotoOrganizer;
				PRODUCT_NAME = "$(TARGET_NAME)";
				SWIFT_VERSION = 4.0;
				TARGETED_DEVICE_FAMILY = "1,2";
			};
			name = Debug;
		};
		96C2BB741EE874A100FC56C1 /* Release */ = {
			isa = XCBuildConfiguration;
			buildSettings = {
				ASSETCATALOG_COMPILER_APPICON_NAME = AppIcon;
				DEVELOPMENT_TEAM = 6VY5MC5XJ8;
				INFOPLIST_FILE = PhotoOrganizer/Info.plist;
				LD_RUNPATH_SEARCH_PATHS = "$(inherited) @executable_path/Frameworks";
				PRODUCT_BUNDLE_IDENTIFIER = com.prandom.PhotoOrganizer;
				PRODUCT_NAME = "$(TARGET_NAME)";
				SWIFT_VERSION = 4.0;
				TARGETED_DEVICE_FAMILY = "1,2";
			};
			name = Release;
		};
/* End XCBuildConfiguration section */

/* Begin XCConfigurationList section */
		96C2BB5B1EE874A100FC56C1 /* Build configuration list for PBXProject "PhotoOrganizer" */ = {
			isa = XCConfigurationList;
			buildConfigurations = (
				96C2BB701EE874A100FC56C1 /* Debug */,
				96C2BB711EE874A100FC56C1 /* Release */,
			);
			defaultConfigurationIsVisible = 0;
			defaultConfigurationName = Release;
		};
		96C2BB721EE874A100FC56C1 /* Build configuration list for PBXNativeTarget "PhotoOrganizer" */ = {
			isa = XCConfigurationList;
			buildConfigurations = (
				96C2BB731EE874A100FC56C1 /* Debug */,
				96C2BB741EE874A100FC56C1 /* Release */,
			);
			defaultConfigurationIsVisible = 0;
			defaultConfigurationName = Release;
		};
/* End XCConfigurationList section */
	};
	rootObject = 96C2BB581EE874A100FC56C1 /* Project object */;
}
